// !$*UTF8*$!
{
	archiveVersion = 1;
	classes = {
	};
	objectVersion = 56;
	objects = {

/* Begin PBXBuildFile section */
		A6E45F282AD3EA100057D668 /* AppDelegate.swift in Sources */ = {isa = PBXBuildFile; fileRef = A6E45F272AD3EA100057D668 /* AppDelegate.swift */; };
		A6E45F2A2AD3EA100057D668 /* SceneDelegate.swift in Sources */ = {isa = PBXBuildFile; fileRef = A6E45F292AD3EA100057D668 /* SceneDelegate.swift */; };
		A6E45F2C2AD3EA100057D668 /* MainController.swift in Sources */ = {isa = PBXBuildFile; fileRef = A6E45F2B2AD3EA100057D668 /* MainController.swift */; };
		A6E45F2F2AD3EA100057D668 /* Main.storyboard in Resources */ = {isa = PBXBuildFile; fileRef = A6E45F2D2AD3EA100057D668 /* Main.storyboard */; };
		A6E45F312AD3EA120057D668 /* Assets.xcassets in Resources */ = {isa = PBXBuildFile; fileRef = A6E45F302AD3EA120057D668 /* Assets.xcassets */; };
		A6E45F342AD3EA120057D668 /* LaunchScreen.storyboard in Resources */ = {isa = PBXBuildFile; fileRef = A6E45F322AD3EA120057D668 /* LaunchScreen.storyboard */; };
		A6EB08112AD45EE500F4CBD5 /* TabBarController.swift in Sources */ = {isa = PBXBuildFile; fileRef = A6EB08102AD45EE400F4CBD5 /* TabBarController.swift */; };
		A6EB08172AD475E000F4CBD5 /* SeparatorView.swift in Sources */ = {isa = PBXBuildFile; fileRef = A6EB08162AD475E000F4CBD5 /* SeparatorView.swift */; };
		A6EB08192AD4763E00F4CBD5 /* HomeController.swift in Sources */ = {isa = PBXBuildFile; fileRef = A6EB08182AD4763E00F4CBD5 /* HomeController.swift */; };
		A6EB081D2AD4768000F4CBD5 /* TableContainer.swift in Sources */ = {isa = PBXBuildFile; fileRef = A6EB081C2AD4768000F4CBD5 /* TableContainer.swift */; };
		A6EB08202AD4983F00F4CBD5 /* MatchController.swift in Sources */ = {isa = PBXBuildFile; fileRef = A6EB081F2AD4983F00F4CBD5 /* MatchController.swift */; };
/* End PBXBuildFile section */

/* Begin PBXFileReference section */
		A6E45F242AD3EA100057D668 /* FC Kufstein.app */ = {isa = PBXFileReference; explicitFileType = wrapper.application; includeInIndex = 0; path = "FC Kufstein.app"; sourceTree = BUILT_PRODUCTS_DIR; };
		A6E45F272AD3EA100057D668 /* AppDelegate.swift */ = {isa = PBXFileReference; lastKnownFileType = sourcecode.swift; path = AppDelegate.swift; sourceTree = "<group>"; };
		A6E45F292AD3EA100057D668 /* SceneDelegate.swift */ = {isa = PBXFileReference; lastKnownFileType = sourcecode.swift; path = SceneDelegate.swift; sourceTree = "<group>"; };
		A6E45F2B2AD3EA100057D668 /* MainController.swift */ = {isa = PBXFileReference; lastKnownFileType = sourcecode.swift; path = MainController.swift; sourceTree = "<group>"; };
		A6E45F2E2AD3EA100057D668 /* Base */ = {isa = PBXFileReference; lastKnownFileType = file.storyboard; name = Base; path = Base.lproj/Main.storyboard; sourceTree = "<group>"; };
		A6E45F302AD3EA120057D668 /* Assets.xcassets */ = {isa = PBXFileReference; lastKnownFileType = folder.assetcatalog; path = Assets.xcassets; sourceTree = "<group>"; };
		A6E45F332AD3EA120057D668 /* Base */ = {isa = PBXFileReference; lastKnownFileType = file.storyboard; name = Base; path = Base.lproj/LaunchScreen.storyboard; sourceTree = "<group>"; };
		A6E45F352AD3EA120057D668 /* Info.plist */ = {isa = PBXFileReference; lastKnownFileType = text.plist.xml; path = Info.plist; sourceTree = "<group>"; };
		A6EB08102AD45EE400F4CBD5 /* TabBarController.swift */ = {isa = PBXFileReference; lastKnownFileType = sourcecode.swift; path = TabBarController.swift; sourceTree = "<group>"; };
		A6EB08162AD475E000F4CBD5 /* SeparatorView.swift */ = {isa = PBXFileReference; lastKnownFileType = sourcecode.swift; path = SeparatorView.swift; sourceTree = "<group>"; };
		A6EB08182AD4763E00F4CBD5 /* HomeController.swift */ = {isa = PBXFileReference; lastKnownFileType = sourcecode.swift; path = HomeController.swift; sourceTree = "<group>"; };
		A6EB081C2AD4768000F4CBD5 /* TableContainer.swift */ = {isa = PBXFileReference; lastKnownFileType = sourcecode.swift; path = TableContainer.swift; sourceTree = "<group>"; };
		A6EB081F2AD4983F00F4CBD5 /* MatchController.swift */ = {isa = PBXFileReference; lastKnownFileType = sourcecode.swift; path = MatchController.swift; sourceTree = "<group>"; };
/* End PBXFileReference section */

/* Begin PBXFrameworksBuildPhase section */
		A6E45F212AD3EA100057D668 /* Frameworks */ = {
			isa = PBXFrameworksBuildPhase;
			buildActionMask = 2147483647;
			files = (
			);
			runOnlyForDeploymentPostprocessing = 0;
		};
/* End PBXFrameworksBuildPhase section */

/* Begin PBXGroup section */
		A6E45F1B2AD3EA100057D668 = {
			isa = PBXGroup;
			children = (
				A6E45F262AD3EA100057D668 /* FC Kufstein */,
				A6E45F252AD3EA100057D668 /* Products */,
			);
			sourceTree = "<group>";
		};
		A6E45F252AD3EA100057D668 /* Products */ = {
			isa = PBXGroup;
			children = (
				A6E45F242AD3EA100057D668 /* FC Kufstein.app */,
			);
			name = Products;
			sourceTree = "<group>";
		};
		A6E45F262AD3EA100057D668 /* FC Kufstein */ = {
			isa = PBXGroup;
			children = (
				A6EB081E2AD476DA00F4CBD5 /* SupportingFiles */,
				A6EB08152AD475D200F4CBD5 /* View */,
				A6EB08142AD4754D00F4CBD5 /* Extension */,
				A6EB08122AD4745C00F4CBD5 /* General */,
				A6E45F352AD3EA120057D668 /* Info.plist */,
			);
			path = "FC Kufstein";
			sourceTree = "<group>";
		};
		A6EB08122AD4745C00F4CBD5 /* General */ = {
			isa = PBXGroup;
			children = (
				A6EB08102AD45EE400F4CBD5 /* TabBarController.swift */,
				A6EB08132AD4746D00F4CBD5 /* TaBarControllers */,
			);
			path = General;
			sourceTree = "<group>";
		};
		A6EB08132AD4746D00F4CBD5 /* TaBarControllers */ = {
			isa = PBXGroup;
			children = (
				A6EB08182AD4763E00F4CBD5 /* HomeController.swift */,
				A6EB081F2AD4983F00F4CBD5 /* MatchController.swift */,
				A6EB081C2AD4768000F4CBD5 /* TableContainer.swift */,
			);
			path = TaBarControllers;
			sourceTree = "<group>";
		};
		A6EB08142AD4754D00F4CBD5 /* Extension */ = {
			isa = PBXGroup;
			children = (
			);
			path = Extension;
			sourceTree = "<group>";
		};
		A6EB08152AD475D200F4CBD5 /* View */ = {
			isa = PBXGroup;
			children = (
				A6EB08162AD475E000F4CBD5 /* SeparatorView.swift */,
			);
			path = View;
			sourceTree = "<group>";
		};
		A6EB081E2AD476DA00F4CBD5 /* SupportingFiles */ = {
			isa = PBXGroup;
			children = (
				A6E45F272AD3EA100057D668 /* AppDelegate.swift */,
				A6E45F292AD3EA100057D668 /* SceneDelegate.swift */,
				A6E45F2B2AD3EA100057D668 /* MainController.swift */,
				A6E45F2D2AD3EA100057D668 /* Main.storyboard */,
				A6E45F302AD3EA120057D668 /* Assets.xcassets */,
				A6E45F322AD3EA120057D668 /* LaunchScreen.storyboard */,
			);
			path = SupportingFiles;
			sourceTree = "<group>";
		};
/* End PBXGroup section */

/* Begin PBXNativeTarget section */
		A6E45F232AD3EA100057D668 /* FC Kufstein */ = {
			isa = PBXNativeTarget;
			buildConfigurationList = A6E45F382AD3EA120057D668 /* Build configuration list for PBXNativeTarget "FC Kufstein" */;
			buildPhases = (
				A6E45F202AD3EA100057D668 /* Sources */,
				A6E45F212AD3EA100057D668 /* Frameworks */,
				A6E45F222AD3EA100057D668 /* Resources */,
			);
			buildRules = (
			);
			dependencies = (
			);
			name = "FC Kufstein";
			productName = "FC Kufstein";
			productReference = A6E45F242AD3EA100057D668 /* FC Kufstein.app */;
			productType = "com.apple.product-type.application";
		};
/* End PBXNativeTarget section */

/* Begin PBXProject section */
		A6E45F1C2AD3EA100057D668 /* Project object */ = {
			isa = PBXProject;
			attributes = {
				BuildIndependentTargetsInParallel = 1;
				LastSwiftUpdateCheck = 1500;
				LastUpgradeCheck = 1500;
				TargetAttributes = {
					A6E45F232AD3EA100057D668 = {
						CreatedOnToolsVersion = 15.0;
					};
				};
			};
			buildConfigurationList = A6E45F1F2AD3EA100057D668 /* Build configuration list for PBXProject "FC Kufstein" */;
			compatibilityVersion = "Xcode 14.0";
			developmentRegion = en;
			hasScannedForEncodings = 0;
			knownRegions = (
				en,
				Base,
			);
			mainGroup = A6E45F1B2AD3EA100057D668;
			productRefGroup = A6E45F252AD3EA100057D668 /* Products */;
			projectDirPath = "";
			projectRoot = "";
			targets = (
				A6E45F232AD3EA100057D668 /* FC Kufstein */,
			);
		};
/* End PBXProject section */

/* Begin PBXResourcesBuildPhase section */
		A6E45F222AD3EA100057D668 /* Resources */ = {
			isa = PBXResourcesBuildPhase;
			buildActionMask = 2147483647;
			files = (
				A6E45F342AD3EA120057D668 /* LaunchScreen.storyboard in Resources */,
				A6E45F312AD3EA120057D668 /* Assets.xcassets in Resources */,
				A6E45F2F2AD3EA100057D668 /* Main.storyboard in Resources */,
			);
			runOnlyForDeploymentPostprocessing = 0;
		};
/* End PBXResourcesBuildPhase section */

/* Begin PBXSourcesBuildPhase section */
		A6E45F202AD3EA100057D668 /* Sources */ = {
			isa = PBXSourcesBuildPhase;
			buildActionMask = 2147483647;
			files = (
				A6E45F2C2AD3EA100057D668 /* MainController.swift in Sources */,
				A6EB08202AD4983F00F4CBD5 /* MatchController.swift in Sources */,
				A6EB08112AD45EE500F4CBD5 /* TabBarController.swift in Sources */,
				A6EB081D2AD4768000F4CBD5 /* TableContainer.swift in Sources */,
				A6EB08172AD475E000F4CBD5 /* SeparatorView.swift in Sources */,
				A6E45F282AD3EA100057D668 /* AppDelegate.swift in Sources */,
				A6E45F2A2AD3EA100057D668 /* SceneDelegate.swift in Sources */,
				A6EB08192AD4763E00F4CBD5 /* HomeController.swift in Sources */,
			);
			runOnlyForDeploymentPostprocessing = 0;
		};
/* End PBXSourcesBuildPhase section */

/* Begin PBXVariantGroup section */
		A6E45F2D2AD3EA100057D668 /* Main.storyboard */ = {
			isa = PBXVariantGroup;
			children = (
				A6E45F2E2AD3EA100057D668 /* Base */,
			);
			name = Main.storyboard;
			sourceTree = "<group>";
		};
		A6E45F322AD3EA120057D668 /* LaunchScreen.storyboard */ = {
			isa = PBXVariantGroup;
			children = (
				A6E45F332AD3EA120057D668 /* Base */,
			);
			name = LaunchScreen.storyboard;
			sourceTree = "<group>";
		};
/* End PBXVariantGroup section */

/* Begin XCBuildConfiguration section */
		A6E45F362AD3EA120057D668 /* Debug */ = {
			isa = XCBuildConfiguration;
			buildSettings = {
				ALWAYS_SEARCH_USER_PATHS = NO;
				ASSETCATALOG_COMPILER_GENERATE_SWIFT_ASSET_SYMBOL_EXTENSIONS = YES;
				CLANG_ANALYZER_NONNULL = YES;
				CLANG_ANALYZER_NUMBER_OBJECT_CONVERSION = YES_AGGRESSIVE;
				CLANG_CXX_LANGUAGE_STANDARD = "gnu++20";
				CLANG_ENABLE_MODULES = YES;
				CLANG_ENABLE_OBJC_ARC = YES;
				CLANG_ENABLE_OBJC_WEAK = YES;
				CLANG_WARN_BLOCK_CAPTURE_AUTORELEASING = YES;
				CLANG_WARN_BOOL_CONVERSION = YES;
				CLANG_WARN_COMMA = YES;
				CLANG_WARN_CONSTANT_CONVERSION = YES;
				CLANG_WARN_DEPRECATED_OBJC_IMPLEMENTATIONS = YES;
				CLANG_WARN_DIRECT_OBJC_ISA_USAGE = YES_ERROR;
				CLANG_WARN_DOCUMENTATION_COMMENTS = YES;
				CLANG_WARN_EMPTY_BODY = YES;
				CLANG_WARN_ENUM_CONVERSION = YES;
				CLANG_WARN_INFINITE_RECURSION = YES;
				CLANG_WARN_INT_CONVERSION = YES;
				CLANG_WARN_NON_LITERAL_NULL_CONVERSION = YES;
				CLANG_WARN_OBJC_IMPLICIT_RETAIN_SELF = YES;
				CLANG_WARN_OBJC_LITERAL_CONVERSION = YES;
				CLANG_WARN_OBJC_ROOT_CLASS = YES_ERROR;
				CLANG_WARN_QUOTED_INCLUDE_IN_FRAMEWORK_HEADER = YES;
				CLANG_WARN_RANGE_LOOP_ANALYSIS = YES;
				CLANG_WARN_STRICT_PROTOTYPES = YES;
				CLANG_WARN_SUSPICIOUS_MOVE = YES;
				CLANG_WARN_UNGUARDED_AVAILABILITY = YES_AGGRESSIVE;
				CLANG_WARN_UNREACHABLE_CODE = YES;
				CLANG_WARN__DUPLICATE_METHOD_MATCH = YES;
				COPY_PHASE_STRIP = NO;
				DEBUG_INFORMATION_FORMAT = dwarf;
				ENABLE_STRICT_OBJC_MSGSEND = YES;
				ENABLE_TESTABILITY = YES;
				ENABLE_USER_SCRIPT_SANDBOXING = YES;
				GCC_C_LANGUAGE_STANDARD = gnu17;
				GCC_DYNAMIC_NO_PIC = NO;
				GCC_NO_COMMON_BLOCKS = YES;
				GCC_OPTIMIZATION_LEVEL = 0;
				GCC_PREPROCESSOR_DEFINITIONS = (
					"DEBUG=1",
					"$(inherited)",
				);
				GCC_WARN_64_TO_32_BIT_CONVERSION = YES;
				GCC_WARN_ABOUT_RETURN_TYPE = YES_ERROR;
				GCC_WARN_UNDECLARED_SELECTOR = YES;
				GCC_WARN_UNINITIALIZED_AUTOS = YES_AGGRESSIVE;
				GCC_WARN_UNUSED_FUNCTION = YES;
				GCC_WARN_UNUSED_VARIABLE = YES;
				IPHONEOS_DEPLOYMENT_TARGET = 17.0;
				LOCALIZATION_PREFERS_STRING_CATALOGS = YES;
				MTL_ENABLE_DEBUG_INFO = INCLUDE_SOURCE;
				MTL_FAST_MATH = YES;
				ONLY_ACTIVE_ARCH = YES;
				SDKROOT = iphoneos;
				SWIFT_ACTIVE_COMPILATION_CONDITIONS = "DEBUG $(inherited)";
				SWIFT_OPTIMIZATION_LEVEL = "-Onone";
			};
			name = Debug;
		};
		A6E45F372AD3EA120057D668 /* Release */ = {
			isa = XCBuildConfiguration;
			buildSettings = {
				ALWAYS_SEARCH_USER_PATHS = NO;
				ASSETCATALOG_COMPILER_GENERATE_SWIFT_ASSET_SYMBOL_EXTENSIONS = YES;
				CLANG_ANALYZER_NONNULL = YES;
				CLANG_ANALYZER_NUMBER_OBJECT_CONVERSION = YES_AGGRESSIVE;
				CLANG_CXX_LANGUAGE_STANDARD = "gnu++20";
				CLANG_ENABLE_MODULES = YES;
				CLANG_ENABLE_OBJC_ARC = YES;
				CLANG_ENABLE_OBJC_WEAK = YES;
				CLANG_WARN_BLOCK_CAPTURE_AUTORELEASING = YES;
				CLANG_WARN_BOOL_CONVERSION = YES;
				CLANG_WARN_COMMA = YES;
				CLANG_WARN_CONSTANT_CONVERSION = YES;
				CLANG_WARN_DEPRECATED_OBJC_IMPLEMENTATIONS = YES;
				CLANG_WARN_DIRECT_OBJC_ISA_USAGE = YES_ERROR;
				CLANG_WARN_DOCUMENTATION_COMMENTS = YES;
				CLANG_WARN_EMPTY_BODY = YES;
				CLANG_WARN_ENUM_CONVERSION = YES;
				CLANG_WARN_INFINITE_RECURSION = YES;
				CLANG_WARN_INT_CONVERSION = YES;
				CLANG_WARN_NON_LITERAL_NULL_CONVERSION = YES;
				CLANG_WARN_OBJC_IMPLICIT_RETAIN_SELF = YES;
				CLANG_WARN_OBJC_LITERAL_CONVERSION = YES;
				CLANG_WARN_OBJC_ROOT_CLASS = YES_ERROR;
				CLANG_WARN_QUOTED_INCLUDE_IN_FRAMEWORK_HEADER = YES;
				CLANG_WARN_RANGE_LOOP_ANALYSIS = YES;
				CLANG_WARN_STRICT_PROTOTYPES = YES;
				CLANG_WARN_SUSPICIOUS_MOVE = YES;
				CLANG_WARN_UNGUARDED_AVAILABILITY = YES_AGGRESSIVE;
				CLANG_WARN_UNREACHABLE_CODE = YES;
				CLANG_WARN__DUPLICATE_METHOD_MATCH = YES;
				COPY_PHASE_STRIP = NO;
				DEBUG_INFORMATION_FORMAT = "dwarf-with-dsym";
				ENABLE_NS_ASSERTIONS = NO;
				ENABLE_STRICT_OBJC_MSGSEND = YES;
				ENABLE_USER_SCRIPT_SANDBOXING = YES;
				GCC_C_LANGUAGE_STANDARD = gnu17;
				GCC_NO_COMMON_BLOCKS = YES;
				GCC_WARN_64_TO_32_BIT_CONVERSION = YES;
				GCC_WARN_ABOUT_RETURN_TYPE = YES_ERROR;
				GCC_WARN_UNDECLARED_SELECTOR = YES;
				GCC_WARN_UNINITIALIZED_AUTOS = YES_AGGRESSIVE;
				GCC_WARN_UNUSED_FUNCTION = YES;
				GCC_WARN_UNUSED_VARIABLE = YES;
				IPHONEOS_DEPLOYMENT_TARGET = 17.0;
				LOCALIZATION_PREFERS_STRING_CATALOGS = YES;
				MTL_ENABLE_DEBUG_INFO = NO;
				MTL_FAST_MATH = YES;
				SDKROOT = iphoneos;
				SWIFT_COMPILATION_MODE = wholemodule;
				VALIDATE_PRODUCT = YES;
			};
			name = Release;
		};
		A6E45F392AD3EA120057D668 /* Debug */ = {
			isa = XCBuildConfiguration;
			buildSettings = {
				ASSETCATALOG_COMPILER_APPICON_NAME = AppIcon;
				ASSETCATALOG_COMPILER_GLOBAL_ACCENT_COLOR_NAME = AccentColor;
				CODE_SIGN_STYLE = Automatic;
				CURRENT_PROJECT_VERSION = 1;
				DEVELOPMENT_TEAM = 4FKVURKZ47;
				GENERATE_INFOPLIST_FILE = YES;
				INFOPLIST_FILE = "FC Kufstein/Info.plist";
				INFOPLIST_KEY_LSApplicationCategoryType = "";
				INFOPLIST_KEY_UIApplicationSupportsIndirectInputEvents = YES;
				INFOPLIST_KEY_UILaunchStoryboardName = LaunchScreen;
				INFOPLIST_KEY_UIMainStoryboardFile = Main;
				INFOPLIST_KEY_UISupportedInterfaceOrientations_iPad = "UIInterfaceOrientationPortrait UIInterfaceOrientationPortraitUpsideDown UIInterfaceOrientationLandscapeLeft UIInterfaceOrientationLandscapeRight";
				INFOPLIST_KEY_UISupportedInterfaceOrientations_iPhone = "UIInterfaceOrientationPortrait UIInterfaceOrientationLandscapeLeft UIInterfaceOrientationLandscapeRight";
				LD_RUNPATH_SEARCH_PATHS = (
					"$(inherited)",
					"@executable_path/Frameworks",
				);
				MARKETING_VERSION = 1.0;
				PRODUCT_BUNDLE_IDENTIFIER = "com.adnannmuratovic.FC-Kufstein";
				PRODUCT_NAME = "$(TARGET_NAME)";
				SWIFT_EMIT_LOC_STRINGS = YES;
				SWIFT_VERSION = 5.0;
				TARGETED_DEVICE_FAMILY = "1,2";
			};
			name = Debug;
		};
		A6E45F3A2AD3EA120057D668 /* Release */ = {
			isa = XCBuildConfiguration;
			buildSettings = {
				ASSETCATALOG_COMPILER_APPICON_NAME = AppIcon;
				ASSETCATALOG_COMPILER_GLOBAL_ACCENT_COLOR_NAME = AccentColor;
				CODE_SIGN_STYLE = Automatic;
				CURRENT_PROJECT_VERSION = 1;
				DEVELOPMENT_TEAM = 4FKVURKZ47;
				GENERATE_INFOPLIST_FILE = YES;
				INFOPLIST_FILE = "FC Kufstein/Info.plist";
				INFOPLIST_KEY_LSApplicationCategoryType = "";
				INFOPLIST_KEY_UIApplicationSupportsIndirectInputEvents = YES;
				INFOPLIST_KEY_UILaunchStoryboardName = LaunchScreen;
				INFOPLIST_KEY_UIMainStoryboardFile = Main;
				INFOPLIST_KEY_UISupportedInterfaceOrientations_iPad = "UIInterfaceOrientationPortrait UIInterfaceOrientationPortraitUpsideDown UIInterfaceOrientationLandscapeLeft UIInterfaceOrientationLandscapeRight";
				INFOPLIST_KEY_UISupportedInterfaceOrientations_iPhone = "UIInterfaceOrientationPortrait UIInterfaceOrientationLandscapeLeft UIInterfaceOrientationLandscapeRight";
				LD_RUNPATH_SEARCH_PATHS = (
					"$(inherited)",
					"@executable_path/Frameworks",
				);
				MARKETING_VERSION = 1.0;
				PRODUCT_BUNDLE_IDENTIFIER = "com.adnannmuratovic.FC-Kufstein";
				PRODUCT_NAME = "$(TARGET_NAME)";
				SWIFT_EMIT_LOC_STRINGS = YES;
				SWIFT_VERSION = 5.0;
				TARGETED_DEVICE_FAMILY = "1,2";
			};
			name = Release;
		};
/* End XCBuildConfiguration section */

/* Begin XCConfigurationList section */
		A6E45F1F2AD3EA100057D668 /* Build configuration list for PBXProject "FC Kufstein" */ = {
			isa = XCConfigurationList;
			buildConfigurations = (
				A6E45F362AD3EA120057D668 /* Debug */,
				A6E45F372AD3EA120057D668 /* Release */,
			);
			defaultConfigurationIsVisible = 0;
			defaultConfigurationName = Release;
		};
		A6E45F382AD3EA120057D668 /* Build configuration list for PBXNativeTarget "FC Kufstein" */ = {
			isa = XCConfigurationList;
			buildConfigurations = (
				A6E45F392AD3EA120057D668 /* Debug */,
				A6E45F3A2AD3EA120057D668 /* Release */,
			);
			defaultConfigurationIsVisible = 0;
			defaultConfigurationName = Release;
		};
/* End XCConfigurationList section */
	};
	rootObject = A6E45F1C2AD3EA100057D668 /* Project object */;
}
