// !$*UTF8*$!
{
	archiveVersion = 1;
	classes = {
	};
	objectVersion = 56;
	objects = {

/* Begin PBXBuildFile section */
		A609C4FC2AF2AEA000D5AC65 /* AllMatchCollectionViewCell.swift in Sources */ = {isa = PBXBuildFile; fileRef = A609C4FB2AF2AEA000D5AC65 /* AllMatchCollectionViewCell.swift */; };
		A625E5382ADEA97000BD004F /* VideoPlayerViewController.swift in Sources */ = {isa = PBXBuildFile; fileRef = A625E5372ADEA97000BD004F /* VideoPlayerViewController.swift */; };
		A625E53A2ADEF92A00BD004F /* TeamsCollectionViewCell.swift in Sources */ = {isa = PBXBuildFile; fileRef = A625E5392ADEF92A00BD004F /* TeamsCollectionViewCell.swift */; };
		A6286F812AF02C6C00FDDFE0 /* NewsFetcher.swift in Sources */ = {isa = PBXBuildFile; fileRef = A6286F802AF02C6C00FDDFE0 /* NewsFetcher.swift */; };
		A6401CFC2AF8F679007ADC82 /* LastMatchCell.swift in Sources */ = {isa = PBXBuildFile; fileRef = A6401CFB2AF8F679007ADC82 /* LastMatchCell.swift */; };
		A661E8EE2AEBC0F200AE28EC /* Post.swift in Sources */ = {isa = PBXBuildFile; fileRef = A661E8ED2AEBC0F200AE28EC /* Post.swift */; };
		A661E8F12AEBC10F00AE28EC /* ApiManager.swift in Sources */ = {isa = PBXBuildFile; fileRef = A661E8F02AEBC10F00AE28EC /* ApiManager.swift */; };
		A661E8F32AEBC12B00AE28EC /* NetworkError.swift in Sources */ = {isa = PBXBuildFile; fileRef = A661E8F22AEBC12B00AE28EC /* NetworkError.swift */; };
		A6652A192AE2DEE3006B6A92 /* ShopDataModel.swift in Sources */ = {isa = PBXBuildFile; fileRef = A6652A182AE2DEE3006B6A92 /* ShopDataModel.swift */; };
		A6652A1B2AE2DF13006B6A92 /* ShopCollectionViewCell.swift in Sources */ = {isa = PBXBuildFile; fileRef = A6652A1A2AE2DF13006B6A92 /* ShopCollectionViewCell.swift */; };
		A675C3642AF54B8400145CBC /* MatchInfo.swift in Sources */ = {isa = PBXBuildFile; fileRef = A675C3632AF54B8400145CBC /* MatchInfo.swift */; };
		A675C3662AF54BCE00145CBC /* LastGameInfo.swift in Sources */ = {isa = PBXBuildFile; fileRef = A675C3652AF54BCE00145CBC /* LastGameInfo.swift */; };
		A675C3682AF54BE500145CBC /* LeagueInfo.swift in Sources */ = {isa = PBXBuildFile; fileRef = A675C3672AF54BE500145CBC /* LeagueInfo.swift */; };
		A675C36A2AF54D4B00145CBC /* ApiURL.swift in Sources */ = {isa = PBXBuildFile; fileRef = A675C3692AF54D4B00145CBC /* ApiURL.swift */; };
		A675C36C2AF54DB100145CBC /* TestingAndPrintingData.swift in Sources */ = {isa = PBXBuildFile; fileRef = A675C36B2AF54DB100145CBC /* TestingAndPrintingData.swift */; };
		A677DC722AE14B9900A9006F /* TeamsModelData.swift in Sources */ = {isa = PBXBuildFile; fileRef = A677DC712AE14B9800A9006F /* TeamsModelData.swift */; };
		A677DC742AE1689800A9006F /* ShopContainerView.swift in Sources */ = {isa = PBXBuildFile; fileRef = A677DC732AE1689800A9006F /* ShopContainerView.swift */; };
		A69A3EDF2AE9546E0085F7A4 /* ScreenSizeCategory.swift in Sources */ = {isa = PBXBuildFile; fileRef = A69A3EDE2AE9546E0085F7A4 /* ScreenSizeCategory.swift */; };
		A69A3EE12AE97C390085F7A4 /* NewsCollectionViewCell.swift in Sources */ = {isa = PBXBuildFile; fileRef = A69A3EE02AE97C390085F7A4 /* NewsCollectionViewCell.swift */; };
		A6A153332ADD26E000DD83B3 /* VideoCollectionViewCell.swift in Sources */ = {isa = PBXBuildFile; fileRef = A6A153322ADD26E000DD83B3 /* VideoCollectionViewCell.swift */; };
		A6A9E0512AE6AD5900D2DE68 /* AllVideosContainerView.swift in Sources */ = {isa = PBXBuildFile; fileRef = A6A9E0502AE6AD5900D2DE68 /* AllVideosContainerView.swift */; };
		A6A9E0532AE6B6D300D2DE68 /* AllVideoTableViewCell.swift in Sources */ = {isa = PBXBuildFile; fileRef = A6A9E0522AE6B6D300D2DE68 /* AllVideoTableViewCell.swift */; };
		A6DEEE892AEBCAAD005EB18A /* SDWebImage in Frameworks */ = {isa = PBXBuildFile; productRef = A6DEEE882AEBCAAD005EB18A /* SDWebImage */; };
		A6DEEE8B2AEBCAAD005EB18A /* SDWebImageMapKit in Frameworks */ = {isa = PBXBuildFile; productRef = A6DEEE8A2AEBCAAD005EB18A /* SDWebImageMapKit */; };
		A6DEEE8E2AEBF244005EB18A /* SkeletonView in Frameworks */ = {isa = PBXBuildFile; productRef = A6DEEE8D2AEBF244005EB18A /* SkeletonView */; };
		A6DEEE902AEC2B04005EB18A /* ShimmerCollectionViewCell.swift in Sources */ = {isa = PBXBuildFile; fileRef = A6DEEE8F2AEC2B04005EB18A /* ShimmerCollectionViewCell.swift */; };
		A6E45F282AD3EA100057D668 /* AppDelegate.swift in Sources */ = {isa = PBXBuildFile; fileRef = A6E45F272AD3EA100057D668 /* AppDelegate.swift */; };
		A6E45F2A2AD3EA100057D668 /* SceneDelegate.swift in Sources */ = {isa = PBXBuildFile; fileRef = A6E45F292AD3EA100057D668 /* SceneDelegate.swift */; };
		A6E45F2C2AD3EA100057D668 /* MainController.swift in Sources */ = {isa = PBXBuildFile; fileRef = A6E45F2B2AD3EA100057D668 /* MainController.swift */; };
		A6E45F2F2AD3EA100057D668 /* Main.storyboard in Resources */ = {isa = PBXBuildFile; fileRef = A6E45F2D2AD3EA100057D668 /* Main.storyboard */; };
		A6E45F312AD3EA120057D668 /* Assets.xcassets in Resources */ = {isa = PBXBuildFile; fileRef = A6E45F302AD3EA120057D668 /* Assets.xcassets */; };
		A6E45F342AD3EA120057D668 /* LaunchScreen.storyboard in Resources */ = {isa = PBXBuildFile; fileRef = A6E45F322AD3EA120057D668 /* LaunchScreen.storyboard */; };
		A6EB08112AD45EE500F4CBD5 /* TabBarController.swift in Sources */ = {isa = PBXBuildFile; fileRef = A6EB08102AD45EE400F4CBD5 /* TabBarController.swift */; };
		A6EB08172AD475E000F4CBD5 /* HomeContainerView.swift in Sources */ = {isa = PBXBuildFile; fileRef = A6EB08162AD475E000F4CBD5 /* HomeContainerView.swift */; };
		A6EB08192AD4763E00F4CBD5 /* HomeController.swift in Sources */ = {isa = PBXBuildFile; fileRef = A6EB08182AD4763E00F4CBD5 /* HomeController.swift */; };
		A6EB081D2AD4768000F4CBD5 /* TableContainer.swift in Sources */ = {isa = PBXBuildFile; fileRef = A6EB081C2AD4768000F4CBD5 /* TableContainer.swift */; };
		A6EB08202AD4983F00F4CBD5 /* MatchController.swift in Sources */ = {isa = PBXBuildFile; fileRef = A6EB081F2AD4983F00F4CBD5 /* MatchController.swift */; };
		A6EB08242AD58D0D00F4CBD5 /* SettingsSwiftUIView.swift in Sources */ = {isa = PBXBuildFile; fileRef = A6EB08232AD58D0D00F4CBD5 /* SettingsSwiftUIView.swift */; };
		A6EB08262AD595CB00F4CBD5 /* Colors.swift in Sources */ = {isa = PBXBuildFile; fileRef = A6EB08252AD595CB00F4CBD5 /* Colors.swift */; };
		A6EB08282AD5CE8800F4CBD5 /* CustomListRowView.swift in Sources */ = {isa = PBXBuildFile; fileRef = A6EB08272AD5CE8800F4CBD5 /* CustomListRowView.swift */; };
		A6EB082C2AD6956600F4CBD5 /* NotificationController.swift in Sources */ = {isa = PBXBuildFile; fileRef = A6EB082B2AD6956600F4CBD5 /* NotificationController.swift */; };
		A6EB082F2AD70E2700F4CBD5 /* AllMatchCell.swift in Sources */ = {isa = PBXBuildFile; fileRef = A6EB082E2AD70E2700F4CBD5 /* AllMatchCell.swift */; };
		A6EB08312AD714C800F4CBD5 /* Labels.swift in Sources */ = {isa = PBXBuildFile; fileRef = A6EB08302AD714C800F4CBD5 /* Labels.swift */; };
		A6EB08332AD71BB300F4CBD5 /* CustomButtons.swift in Sources */ = {isa = PBXBuildFile; fileRef = A6EB08322AD71BB300F4CBD5 /* CustomButtons.swift */; };
		A6EB08352AD7222B00F4CBD5 /* AllMatchController.swift in Sources */ = {isa = PBXBuildFile; fileRef = A6EB08342AD7222B00F4CBD5 /* AllMatchController.swift */; };
		A6EB08372AD7F27600F4CBD5 /* ShopController.swift in Sources */ = {isa = PBXBuildFile; fileRef = A6EB08362AD7F27600F4CBD5 /* ShopController.swift */; };
		A6EB08392AD7F8BC00F4CBD5 /* AllMatchView.swift in Sources */ = {isa = PBXBuildFile; fileRef = A6EB08382AD7F8BC00F4CBD5 /* AllMatchView.swift */; };
		A6EB083B2AD8218A00F4CBD5 /* NewsContainerView.swift in Sources */ = {isa = PBXBuildFile; fileRef = A6EB083A2AD8218900F4CBD5 /* NewsContainerView.swift */; };
		A6EB083D2AD8223800F4CBD5 /* NewsCell.swift in Sources */ = {isa = PBXBuildFile; fileRef = A6EB083C2AD8223800F4CBD5 /* NewsCell.swift */; };
		A6EB083F2AD833A300F4CBD5 /* NewsView.swift in Sources */ = {isa = PBXBuildFile; fileRef = A6EB083E2AD833A300F4CBD5 /* NewsView.swift */; };
		A6EB08412AD8350900F4CBD5 /* NewsController.swift in Sources */ = {isa = PBXBuildFile; fileRef = A6EB08402AD8350900F4CBD5 /* NewsController.swift */; };
		A6EB08432AD8748100F4CBD5 /* VideoCell.swift in Sources */ = {isa = PBXBuildFile; fileRef = A6EB08422AD8748100F4CBD5 /* VideoCell.swift */; };
		A6EB08452AD87A8B00F4CBD5 /* VideoContainerView.swift in Sources */ = {isa = PBXBuildFile; fileRef = A6EB08442AD87A8B00F4CBD5 /* VideoContainerView.swift */; };
		A6EB08472AD87E7F00F4CBD5 /* VideoView.swift in Sources */ = {isa = PBXBuildFile; fileRef = A6EB08462AD87E7F00F4CBD5 /* VideoView.swift */; };
		A6EB084A2AD87FED00F4CBD5 /* VideoController.swift in Sources */ = {isa = PBXBuildFile; fileRef = A6EB08492AD87FED00F4CBD5 /* VideoController.swift */; };
		A6EB084C2AD963F700F4CBD5 /* TeamsCell.swift in Sources */ = {isa = PBXBuildFile; fileRef = A6EB084B2AD963F700F4CBD5 /* TeamsCell.swift */; };
		A6EB084E2AD9700100F4CBD5 /* TeamsContainerView.swift in Sources */ = {isa = PBXBuildFile; fileRef = A6EB084D2AD9700100F4CBD5 /* TeamsContainerView.swift */; };
		A6EB08502AD972BC00F4CBD5 /* TeamsView.swift in Sources */ = {isa = PBXBuildFile; fileRef = A6EB084F2AD972BC00F4CBD5 /* TeamsView.swift */; };
		A6EB08522AD97C5800F4CBD5 /* SponsorsCell.swift in Sources */ = {isa = PBXBuildFile; fileRef = A6EB08512AD97C5800F4CBD5 /* SponsorsCell.swift */; };
		A6EB08542AD97D7000F4CBD5 /* SponsorsContainerView.swift in Sources */ = {isa = PBXBuildFile; fileRef = A6EB08532AD97D7000F4CBD5 /* SponsorsContainerView.swift */; };
		A6EB08562AD980B000F4CBD5 /* SponsorsView.swift in Sources */ = {isa = PBXBuildFile; fileRef = A6EB08552AD980AF00F4CBD5 /* SponsorsView.swift */; };
		A6EB08582AD9862500F4CBD5 /* SponsorsController.swift in Sources */ = {isa = PBXBuildFile; fileRef = A6EB08572AD9862500F4CBD5 /* SponsorsController.swift */; };
		A6EB2F6B2ADFEE88001B733C /* SponsorsCollectionViewCell.swift in Sources */ = {isa = PBXBuildFile; fileRef = A6EB2F6A2ADFEE88001B733C /* SponsorsCollectionViewCell.swift */; };
		A6EB2F6D2AE028AA001B733C /* SafariViewControllerContainer.swift in Sources */ = {isa = PBXBuildFile; fileRef = A6EB2F6C2AE028AA001B733C /* SafariViewControllerContainer.swift */; };
		A6EB2F702AE04D74001B733C /* SponsorsModelData.swift in Sources */ = {isa = PBXBuildFile; fileRef = A6EB2F6F2AE04D74001B733C /* SponsorsModelData.swift */; };
		A6EB2F722AE05117001B733C /* TeamsController.swift in Sources */ = {isa = PBXBuildFile; fileRef = A6EB2F712AE05117001B733C /* TeamsController.swift */; };
		A6EB2F742AE056CD001B733C /* PresentSafariControler.swift in Sources */ = {isa = PBXBuildFile; fileRef = A6EB2F732AE056CD001B733C /* PresentSafariControler.swift */; };
/* End PBXBuildFile section */

/* Begin PBXFileReference section */
		A609C4FB2AF2AEA000D5AC65 /* AllMatchCollectionViewCell.swift */ = {isa = PBXFileReference; lastKnownFileType = sourcecode.swift; path = AllMatchCollectionViewCell.swift; sourceTree = "<group>"; };
		A625E5372ADEA97000BD004F /* VideoPlayerViewController.swift */ = {isa = PBXFileReference; lastKnownFileType = sourcecode.swift; path = VideoPlayerViewController.swift; sourceTree = "<group>"; };
		A625E5392ADEF92A00BD004F /* TeamsCollectionViewCell.swift */ = {isa = PBXFileReference; lastKnownFileType = sourcecode.swift; path = TeamsCollectionViewCell.swift; sourceTree = "<group>"; };
		A6286F802AF02C6C00FDDFE0 /* NewsFetcher.swift */ = {isa = PBXFileReference; lastKnownFileType = sourcecode.swift; path = NewsFetcher.swift; sourceTree = "<group>"; };
		A6401CFB2AF8F679007ADC82 /* LastMatchCell.swift */ = {isa = PBXFileReference; lastKnownFileType = sourcecode.swift; path = LastMatchCell.swift; sourceTree = "<group>"; };
		A661E8ED2AEBC0F200AE28EC /* Post.swift */ = {isa = PBXFileReference; lastKnownFileType = sourcecode.swift; path = Post.swift; sourceTree = "<group>"; };
		A661E8F02AEBC10F00AE28EC /* ApiManager.swift */ = {isa = PBXFileReference; lastKnownFileType = sourcecode.swift; path = ApiManager.swift; sourceTree = "<group>"; };
		A661E8F22AEBC12B00AE28EC /* NetworkError.swift */ = {isa = PBXFileReference; lastKnownFileType = sourcecode.swift; path = NetworkError.swift; sourceTree = "<group>"; };
		A6652A182AE2DEE3006B6A92 /* ShopDataModel.swift */ = {isa = PBXFileReference; lastKnownFileType = sourcecode.swift; path = ShopDataModel.swift; sourceTree = "<group>"; };
		A6652A1A2AE2DF13006B6A92 /* ShopCollectionViewCell.swift */ = {isa = PBXFileReference; lastKnownFileType = sourcecode.swift; path = ShopCollectionViewCell.swift; sourceTree = "<group>"; };
		A675C3632AF54B8400145CBC /* MatchInfo.swift */ = {isa = PBXFileReference; lastKnownFileType = sourcecode.swift; path = MatchInfo.swift; sourceTree = "<group>"; };
		A675C3652AF54BCE00145CBC /* LastGameInfo.swift */ = {isa = PBXFileReference; lastKnownFileType = sourcecode.swift; path = LastGameInfo.swift; sourceTree = "<group>"; };
		A675C3672AF54BE500145CBC /* LeagueInfo.swift */ = {isa = PBXFileReference; lastKnownFileType = sourcecode.swift; path = LeagueInfo.swift; sourceTree = "<group>"; };
		A675C3692AF54D4B00145CBC /* ApiURL.swift */ = {isa = PBXFileReference; lastKnownFileType = sourcecode.swift; path = ApiURL.swift; sourceTree = "<group>"; };
		A675C36B2AF54DB100145CBC /* TestingAndPrintingData.swift */ = {isa = PBXFileReference; lastKnownFileType = sourcecode.swift; path = TestingAndPrintingData.swift; sourceTree = "<group>"; };
		A677DC712AE14B9800A9006F /* TeamsModelData.swift */ = {isa = PBXFileReference; lastKnownFileType = sourcecode.swift; path = TeamsModelData.swift; sourceTree = "<group>"; };
		A677DC732AE1689800A9006F /* ShopContainerView.swift */ = {isa = PBXFileReference; lastKnownFileType = sourcecode.swift; path = ShopContainerView.swift; sourceTree = "<group>"; };
		A69A3EDE2AE9546E0085F7A4 /* ScreenSizeCategory.swift */ = {isa = PBXFileReference; lastKnownFileType = sourcecode.swift; path = ScreenSizeCategory.swift; sourceTree = "<group>"; };
		A69A3EE02AE97C390085F7A4 /* NewsCollectionViewCell.swift */ = {isa = PBXFileReference; lastKnownFileType = sourcecode.swift; path = NewsCollectionViewCell.swift; sourceTree = "<group>"; };
		A6A153322ADD26E000DD83B3 /* VideoCollectionViewCell.swift */ = {isa = PBXFileReference; lastKnownFileType = sourcecode.swift; path = VideoCollectionViewCell.swift; sourceTree = "<group>"; };
		A6A9E0502AE6AD5900D2DE68 /* AllVideosContainerView.swift */ = {isa = PBXFileReference; lastKnownFileType = sourcecode.swift; path = AllVideosContainerView.swift; sourceTree = "<group>"; };
		A6A9E0522AE6B6D300D2DE68 /* AllVideoTableViewCell.swift */ = {isa = PBXFileReference; lastKnownFileType = sourcecode.swift; path = AllVideoTableViewCell.swift; sourceTree = "<group>"; };
		A6DEEE8F2AEC2B04005EB18A /* ShimmerCollectionViewCell.swift */ = {isa = PBXFileReference; lastKnownFileType = sourcecode.swift; path = ShimmerCollectionViewCell.swift; sourceTree = "<group>"; };
		A6E45F242AD3EA100057D668 /* FC Kufstein.app */ = {isa = PBXFileReference; explicitFileType = wrapper.application; includeInIndex = 0; path = "FC Kufstein.app"; sourceTree = BUILT_PRODUCTS_DIR; };
		A6E45F272AD3EA100057D668 /* AppDelegate.swift */ = {isa = PBXFileReference; lastKnownFileType = sourcecode.swift; path = AppDelegate.swift; sourceTree = "<group>"; };
		A6E45F292AD3EA100057D668 /* SceneDelegate.swift */ = {isa = PBXFileReference; lastKnownFileType = sourcecode.swift; path = SceneDelegate.swift; sourceTree = "<group>"; };
		A6E45F2B2AD3EA100057D668 /* MainController.swift */ = {isa = PBXFileReference; lastKnownFileType = sourcecode.swift; path = MainController.swift; sourceTree = "<group>"; };
		A6E45F2E2AD3EA100057D668 /* Base */ = {isa = PBXFileReference; lastKnownFileType = file.storyboard; name = Base; path = Base.lproj/Main.storyboard; sourceTree = "<group>"; };
		A6E45F302AD3EA120057D668 /* Assets.xcassets */ = {isa = PBXFileReference; lastKnownFileType = folder.assetcatalog; path = Assets.xcassets; sourceTree = "<group>"; };
		A6E45F332AD3EA120057D668 /* Base */ = {isa = PBXFileReference; lastKnownFileType = file.storyboard; name = Base; path = Base.lproj/LaunchScreen.storyboard; sourceTree = "<group>"; };
		A6E45F352AD3EA120057D668 /* Info.plist */ = {isa = PBXFileReference; lastKnownFileType = text.plist.xml; path = Info.plist; sourceTree = "<group>"; };
		A6EB08102AD45EE400F4CBD5 /* TabBarController.swift */ = {isa = PBXFileReference; lastKnownFileType = sourcecode.swift; path = TabBarController.swift; sourceTree = "<group>"; };
		A6EB08162AD475E000F4CBD5 /* HomeContainerView.swift */ = {isa = PBXFileReference; lastKnownFileType = sourcecode.swift; path = HomeContainerView.swift; sourceTree = "<group>"; };
		A6EB08182AD4763E00F4CBD5 /* HomeController.swift */ = {isa = PBXFileReference; lastKnownFileType = sourcecode.swift; path = HomeController.swift; sourceTree = "<group>"; };
		A6EB081C2AD4768000F4CBD5 /* TableContainer.swift */ = {isa = PBXFileReference; lastKnownFileType = sourcecode.swift; path = TableContainer.swift; sourceTree = "<group>"; };
		A6EB081F2AD4983F00F4CBD5 /* MatchController.swift */ = {isa = PBXFileReference; lastKnownFileType = sourcecode.swift; path = MatchController.swift; sourceTree = "<group>"; };
		A6EB08232AD58D0D00F4CBD5 /* SettingsSwiftUIView.swift */ = {isa = PBXFileReference; lastKnownFileType = sourcecode.swift; path = SettingsSwiftUIView.swift; sourceTree = "<group>"; };
		A6EB08252AD595CB00F4CBD5 /* Colors.swift */ = {isa = PBXFileReference; lastKnownFileType = sourcecode.swift; path = Colors.swift; sourceTree = "<group>"; };
		A6EB08272AD5CE8800F4CBD5 /* CustomListRowView.swift */ = {isa = PBXFileReference; lastKnownFileType = sourcecode.swift; path = CustomListRowView.swift; sourceTree = "<group>"; };
		A6EB082B2AD6956600F4CBD5 /* NotificationController.swift */ = {isa = PBXFileReference; lastKnownFileType = sourcecode.swift; path = NotificationController.swift; sourceTree = "<group>"; };
		A6EB082E2AD70E2700F4CBD5 /* AllMatchCell.swift */ = {isa = PBXFileReference; lastKnownFileType = sourcecode.swift; path = AllMatchCell.swift; sourceTree = "<group>"; };
		A6EB08302AD714C800F4CBD5 /* Labels.swift */ = {isa = PBXFileReference; lastKnownFileType = sourcecode.swift; path = Labels.swift; sourceTree = "<group>"; };
		A6EB08322AD71BB300F4CBD5 /* CustomButtons.swift */ = {isa = PBXFileReference; lastKnownFileType = sourcecode.swift; path = CustomButtons.swift; sourceTree = "<group>"; };
		A6EB08342AD7222B00F4CBD5 /* AllMatchController.swift */ = {isa = PBXFileReference; lastKnownFileType = sourcecode.swift; path = AllMatchController.swift; sourceTree = "<group>"; };
		A6EB08362AD7F27600F4CBD5 /* ShopController.swift */ = {isa = PBXFileReference; lastKnownFileType = sourcecode.swift; path = ShopController.swift; sourceTree = "<group>"; };
		A6EB08382AD7F8BC00F4CBD5 /* AllMatchView.swift */ = {isa = PBXFileReference; lastKnownFileType = sourcecode.swift; path = AllMatchView.swift; sourceTree = "<group>"; };
		A6EB083A2AD8218900F4CBD5 /* NewsContainerView.swift */ = {isa = PBXFileReference; lastKnownFileType = sourcecode.swift; path = NewsContainerView.swift; sourceTree = "<group>"; };
		A6EB083C2AD8223800F4CBD5 /* NewsCell.swift */ = {isa = PBXFileReference; lastKnownFileType = sourcecode.swift; path = NewsCell.swift; sourceTree = "<group>"; };
		A6EB083E2AD833A300F4CBD5 /* NewsView.swift */ = {isa = PBXFileReference; lastKnownFileType = sourcecode.swift; path = NewsView.swift; sourceTree = "<group>"; };
		A6EB08402AD8350900F4CBD5 /* NewsController.swift */ = {isa = PBXFileReference; lastKnownFileType = sourcecode.swift; path = NewsController.swift; sourceTree = "<group>"; };
		A6EB08422AD8748100F4CBD5 /* VideoCell.swift */ = {isa = PBXFileReference; lastKnownFileType = sourcecode.swift; path = VideoCell.swift; sourceTree = "<group>"; };
		A6EB08442AD87A8B00F4CBD5 /* VideoContainerView.swift */ = {isa = PBXFileReference; lastKnownFileType = sourcecode.swift; path = VideoContainerView.swift; sourceTree = "<group>"; };
		A6EB08462AD87E7F00F4CBD5 /* VideoView.swift */ = {isa = PBXFileReference; lastKnownFileType = sourcecode.swift; path = VideoView.swift; sourceTree = "<group>"; };
		A6EB08492AD87FED00F4CBD5 /* VideoController.swift */ = {isa = PBXFileReference; lastKnownFileType = sourcecode.swift; path = VideoController.swift; sourceTree = "<group>"; };
		A6EB084B2AD963F700F4CBD5 /* TeamsCell.swift */ = {isa = PBXFileReference; lastKnownFileType = sourcecode.swift; path = TeamsCell.swift; sourceTree = "<group>"; };
		A6EB084D2AD9700100F4CBD5 /* TeamsContainerView.swift */ = {isa = PBXFileReference; lastKnownFileType = sourcecode.swift; path = TeamsContainerView.swift; sourceTree = "<group>"; };
		A6EB084F2AD972BC00F4CBD5 /* TeamsView.swift */ = {isa = PBXFileReference; lastKnownFileType = sourcecode.swift; path = TeamsView.swift; sourceTree = "<group>"; };
		A6EB08512AD97C5800F4CBD5 /* SponsorsCell.swift */ = {isa = PBXFileReference; lastKnownFileType = sourcecode.swift; path = SponsorsCell.swift; sourceTree = "<group>"; };
		A6EB08532AD97D7000F4CBD5 /* SponsorsContainerView.swift */ = {isa = PBXFileReference; lastKnownFileType = sourcecode.swift; path = SponsorsContainerView.swift; sourceTree = "<group>"; };
		A6EB08552AD980AF00F4CBD5 /* SponsorsView.swift */ = {isa = PBXFileReference; lastKnownFileType = sourcecode.swift; path = SponsorsView.swift; sourceTree = "<group>"; };
		A6EB08572AD9862500F4CBD5 /* SponsorsController.swift */ = {isa = PBXFileReference; lastKnownFileType = sourcecode.swift; path = SponsorsController.swift; sourceTree = "<group>"; };
		A6EB2F6A2ADFEE88001B733C /* SponsorsCollectionViewCell.swift */ = {isa = PBXFileReference; lastKnownFileType = sourcecode.swift; path = SponsorsCollectionViewCell.swift; sourceTree = "<group>"; };
		A6EB2F6C2AE028AA001B733C /* SafariViewControllerContainer.swift */ = {isa = PBXFileReference; lastKnownFileType = sourcecode.swift; path = SafariViewControllerContainer.swift; sourceTree = "<group>"; };
		A6EB2F6F2AE04D74001B733C /* SponsorsModelData.swift */ = {isa = PBXFileReference; lastKnownFileType = sourcecode.swift; path = SponsorsModelData.swift; sourceTree = "<group>"; };
		A6EB2F712AE05117001B733C /* TeamsController.swift */ = {isa = PBXFileReference; lastKnownFileType = sourcecode.swift; path = TeamsController.swift; sourceTree = "<group>"; };
		A6EB2F732AE056CD001B733C /* PresentSafariControler.swift */ = {isa = PBXFileReference; lastKnownFileType = sourcecode.swift; path = PresentSafariControler.swift; sourceTree = "<group>"; };
/* End PBXFileReference section */

/* Begin PBXFrameworksBuildPhase section */
		A6E45F212AD3EA100057D668 /* Frameworks */ = {
			isa = PBXFrameworksBuildPhase;
			buildActionMask = 2147483647;
			files = (
				A6DEEE8B2AEBCAAD005EB18A /* SDWebImageMapKit in Frameworks */,
				A6DEEE8E2AEBF244005EB18A /* SkeletonView in Frameworks */,
				A6DEEE892AEBCAAD005EB18A /* SDWebImage in Frameworks */,
			);
			runOnlyForDeploymentPostprocessing = 0;
		};
/* End PBXFrameworksBuildPhase section */

/* Begin PBXGroup section */
		A625E5362ADEA95E00BD004F /* VideoPlayer */ = {
			isa = PBXGroup;
			children = (
				A625E5372ADEA97000BD004F /* VideoPlayerViewController.swift */,
			);
			path = VideoPlayer;
			sourceTree = "<group>";
		};
		A661E8EF2AEBC10500AE28EC /* API */ = {
			isa = PBXGroup;
			children = (
				A661E8F02AEBC10F00AE28EC /* ApiManager.swift */,
				A661E8F22AEBC12B00AE28EC /* NetworkError.swift */,
				A6286F802AF02C6C00FDDFE0 /* NewsFetcher.swift */,
				A675C3692AF54D4B00145CBC /* ApiURL.swift */,
				A675C36B2AF54DB100145CBC /* TestingAndPrintingData.swift */,
			);
			path = API;
			sourceTree = "<group>";
		};
		A69A3EDD2AE9545A0085F7A4 /* Device */ = {
			isa = PBXGroup;
			children = (
				A69A3EDE2AE9546E0085F7A4 /* ScreenSizeCategory.swift */,
			);
			path = Device;
			sourceTree = "<group>";
		};
		A6A153312ADD26CB00DD83B3 /* CollectionViewCell */ = {
			isa = PBXGroup;
			children = (
				A6A153322ADD26E000DD83B3 /* VideoCollectionViewCell.swift */,
				A625E5392ADEF92A00BD004F /* TeamsCollectionViewCell.swift */,
				A6EB2F6A2ADFEE88001B733C /* SponsorsCollectionViewCell.swift */,
				A6652A1A2AE2DF13006B6A92 /* ShopCollectionViewCell.swift */,
				A69A3EE02AE97C390085F7A4 /* NewsCollectionViewCell.swift */,
				A6DEEE8F2AEC2B04005EB18A /* ShimmerCollectionViewCell.swift */,
				A609C4FB2AF2AEA000D5AC65 /* AllMatchCollectionViewCell.swift */,
			);
			path = CollectionViewCell;
			sourceTree = "<group>";
		};
		A6E45F1B2AD3EA100057D668 = {
			isa = PBXGroup;
			children = (
				A6E45F262AD3EA100057D668 /* FC Kufstein */,
				A6E45F252AD3EA100057D668 /* Products */,
			);
			sourceTree = "<group>";
		};
		A6E45F252AD3EA100057D668 /* Products */ = {
			isa = PBXGroup;
			children = (
				A6E45F242AD3EA100057D668 /* FC Kufstein.app */,
			);
			name = Products;
			sourceTree = "<group>";
		};
		A6E45F262AD3EA100057D668 /* FC Kufstein */ = {
			isa = PBXGroup;
			children = (
				A661E8EF2AEBC10500AE28EC /* API */,
				A69A3EDD2AE9545A0085F7A4 /* Device */,
				A6EB2F6E2AE04D5D001B733C /* Model */,
				A6EB082D2AD70E0F00F4CBD5 /* Cell */,
				A6EB081E2AD476DA00F4CBD5 /* SupportingFiles */,
				A6EB08152AD475D200F4CBD5 /* View */,
				A6EB08142AD4754D00F4CBD5 /* Extension */,
				A6EB08122AD4745C00F4CBD5 /* General */,
				A6E45F352AD3EA120057D668 /* Info.plist */,
			);
			path = "FC Kufstein";
			sourceTree = "<group>";
		};
		A6EB08122AD4745C00F4CBD5 /* General */ = {
			isa = PBXGroup;
			children = (
				A6EB082A2AD6955300F4CBD5 /* Controllers */,
				A6EB08102AD45EE400F4CBD5 /* TabBarController.swift */,
				A6EB08132AD4746D00F4CBD5 /* TaBarControllers */,
				A6EB2F6C2AE028AA001B733C /* SafariViewControllerContainer.swift */,
			);
			path = General;
			sourceTree = "<group>";
		};
		A6EB08132AD4746D00F4CBD5 /* TaBarControllers */ = {
			isa = PBXGroup;
			children = (
				A6EB08182AD4763E00F4CBD5 /* HomeController.swift */,
				A6EB081F2AD4983F00F4CBD5 /* MatchController.swift */,
				A6EB081C2AD4768000F4CBD5 /* TableContainer.swift */,
			);
			path = TaBarControllers;
			sourceTree = "<group>";
		};
		A6EB08142AD4754D00F4CBD5 /* Extension */ = {
			isa = PBXGroup;
			children = (
				A6EB08252AD595CB00F4CBD5 /* Colors.swift */,
				A6EB08302AD714C800F4CBD5 /* Labels.swift */,
				A6EB2F732AE056CD001B733C /* PresentSafariControler.swift */,
			);
			path = Extension;
			sourceTree = "<group>";
		};
		A6EB08152AD475D200F4CBD5 /* View */ = {
			isa = PBXGroup;
			children = (
				A6EB08482AD87EB400F4CBD5 /* ContainerView */,
				A6EB08292AD6953500F4CBD5 /* SwiftUI */,
				A6EB08322AD71BB300F4CBD5 /* CustomButtons.swift */,
				A6EB08382AD7F8BC00F4CBD5 /* AllMatchView.swift */,
				A6EB083E2AD833A300F4CBD5 /* NewsView.swift */,
				A6EB08462AD87E7F00F4CBD5 /* VideoView.swift */,
				A6EB084F2AD972BC00F4CBD5 /* TeamsView.swift */,
				A6EB08552AD980AF00F4CBD5 /* SponsorsView.swift */,
				A677DC732AE1689800A9006F /* ShopContainerView.swift */,
				A6A9E0502AE6AD5900D2DE68 /* AllVideosContainerView.swift */,
			);
			path = View;
			sourceTree = "<group>";
		};
		A6EB081E2AD476DA00F4CBD5 /* SupportingFiles */ = {
			isa = PBXGroup;
			children = (
				A6E45F272AD3EA100057D668 /* AppDelegate.swift */,
				A6E45F292AD3EA100057D668 /* SceneDelegate.swift */,
				A6E45F2B2AD3EA100057D668 /* MainController.swift */,
				A6E45F2D2AD3EA100057D668 /* Main.storyboard */,
				A6E45F302AD3EA120057D668 /* Assets.xcassets */,
				A6E45F322AD3EA120057D668 /* LaunchScreen.storyboard */,
			);
			path = SupportingFiles;
			sourceTree = "<group>";
		};
		A6EB08292AD6953500F4CBD5 /* SwiftUI */ = {
			isa = PBXGroup;
			children = (
				A6EB08272AD5CE8800F4CBD5 /* CustomListRowView.swift */,
				A6EB08232AD58D0D00F4CBD5 /* SettingsSwiftUIView.swift */,
			);
			path = SwiftUI;
			sourceTree = "<group>";
		};
		A6EB082A2AD6955300F4CBD5 /* Controllers */ = {
			isa = PBXGroup;
			children = (
				A625E5362ADEA95E00BD004F /* VideoPlayer */,
				A6EB082B2AD6956600F4CBD5 /* NotificationController.swift */,
				A6EB08342AD7222B00F4CBD5 /* AllMatchController.swift */,
				A6EB08362AD7F27600F4CBD5 /* ShopController.swift */,
				A6EB08402AD8350900F4CBD5 /* NewsController.swift */,
				A6EB08492AD87FED00F4CBD5 /* VideoController.swift */,
				A6EB08572AD9862500F4CBD5 /* SponsorsController.swift */,
				A6EB2F712AE05117001B733C /* TeamsController.swift */,
			);
			path = Controllers;
			sourceTree = "<group>";
		};
		A6EB082D2AD70E0F00F4CBD5 /* Cell */ = {
			isa = PBXGroup;
			children = (
				A6A153312ADD26CB00DD83B3 /* CollectionViewCell */,
				A6EB082E2AD70E2700F4CBD5 /* AllMatchCell.swift */,
				A6EB083C2AD8223800F4CBD5 /* NewsCell.swift */,
				A6EB08422AD8748100F4CBD5 /* VideoCell.swift */,
				A6EB084B2AD963F700F4CBD5 /* TeamsCell.swift */,
				A6EB08512AD97C5800F4CBD5 /* SponsorsCell.swift */,
				A6A9E0522AE6B6D300D2DE68 /* AllVideoTableViewCell.swift */,
				A6401CFB2AF8F679007ADC82 /* LastMatchCell.swift */,
			);
			path = Cell;
			sourceTree = "<group>";
		};
		A6EB08482AD87EB400F4CBD5 /* ContainerView */ = {
			isa = PBXGroup;
			children = (
				A6EB08162AD475E000F4CBD5 /* HomeContainerView.swift */,
				A6EB083A2AD8218900F4CBD5 /* NewsContainerView.swift */,
				A6EB08442AD87A8B00F4CBD5 /* VideoContainerView.swift */,
				A6EB084D2AD9700100F4CBD5 /* TeamsContainerView.swift */,
				A6EB08532AD97D7000F4CBD5 /* SponsorsContainerView.swift */,
			);
			path = ContainerView;
			sourceTree = "<group>";
		};
		A6EB2F6E2AE04D5D001B733C /* Model */ = {
			isa = PBXGroup;
			children = (
				A6EB2F6F2AE04D74001B733C /* SponsorsModelData.swift */,
				A677DC712AE14B9800A9006F /* TeamsModelData.swift */,
				A6652A182AE2DEE3006B6A92 /* ShopDataModel.swift */,
				A661E8ED2AEBC0F200AE28EC /* Post.swift */,
				A675C3632AF54B8400145CBC /* MatchInfo.swift */,
				A675C3652AF54BCE00145CBC /* LastGameInfo.swift */,
				A675C3672AF54BE500145CBC /* LeagueInfo.swift */,
			);
			path = Model;
			sourceTree = "<group>";
		};
/* End PBXGroup section */

/* Begin PBXNativeTarget section */
		A6E45F232AD3EA100057D668 /* FC Kufstein */ = {
			isa = PBXNativeTarget;
			buildConfigurationList = A6E45F382AD3EA120057D668 /* Build configuration list for PBXNativeTarget "FC Kufstein" */;
			buildPhases = (
				A6E45F202AD3EA100057D668 /* Sources */,
				A6E45F212AD3EA100057D668 /* Frameworks */,
				A6E45F222AD3EA100057D668 /* Resources */,
			);
			buildRules = (
			);
			dependencies = (
			);
			name = "FC Kufstein";
			packageProductDependencies = (
				A6DEEE882AEBCAAD005EB18A /* SDWebImage */,
				A6DEEE8A2AEBCAAD005EB18A /* SDWebImageMapKit */,
				A6DEEE8D2AEBF244005EB18A /* SkeletonView */,
			);
			productName = "FC Kufstein";
			productReference = A6E45F242AD3EA100057D668 /* FC Kufstein.app */;
			productType = "com.apple.product-type.application";
		};
/* End PBXNativeTarget section */

/* Begin PBXProject section */
		A6E45F1C2AD3EA100057D668 /* Project object */ = {
			isa = PBXProject;
			attributes = {
				BuildIndependentTargetsInParallel = 1;
				LastSwiftUpdateCheck = 1500;
				LastUpgradeCheck = 1500;
				TargetAttributes = {
					A6E45F232AD3EA100057D668 = {
						CreatedOnToolsVersion = 15.0;
					};
				};
			};
			buildConfigurationList = A6E45F1F2AD3EA100057D668 /* Build configuration list for PBXProject "FC Kufstein" */;
			compatibilityVersion = "Xcode 14.0";
			developmentRegion = en;
			hasScannedForEncodings = 0;
			knownRegions = (
				en,
				Base,
			);
			mainGroup = A6E45F1B2AD3EA100057D668;
			packageReferences = (
				A6DEEE872AEBCAAD005EB18A /* XCRemoteSwiftPackageReference "SDWebImage" */,
				A6DEEE8C2AEBF244005EB18A /* XCRemoteSwiftPackageReference "SkeletonView" */,
			);
			productRefGroup = A6E45F252AD3EA100057D668 /* Products */;
			projectDirPath = "";
			projectRoot = "";
			targets = (
				A6E45F232AD3EA100057D668 /* FC Kufstein */,
			);
		};
/* End PBXProject section */

/* Begin PBXResourcesBuildPhase section */
		A6E45F222AD3EA100057D668 /* Resources */ = {
			isa = PBXResourcesBuildPhase;
			buildActionMask = 2147483647;
			files = (
				A6E45F342AD3EA120057D668 /* LaunchScreen.storyboard in Resources */,
				A6E45F312AD3EA120057D668 /* Assets.xcassets in Resources */,
				A6E45F2F2AD3EA100057D668 /* Main.storyboard in Resources */,
			);
			runOnlyForDeploymentPostprocessing = 0;
		};
/* End PBXResourcesBuildPhase section */

/* Begin PBXSourcesBuildPhase section */
		A6E45F202AD3EA100057D668 /* Sources */ = {
			isa = PBXSourcesBuildPhase;
			buildActionMask = 2147483647;
			files = (
				A6EB08522AD97C5800F4CBD5 /* SponsorsCell.swift in Sources */,
				A675C36C2AF54DB100145CBC /* TestingAndPrintingData.swift in Sources */,
				A6E45F2C2AD3EA100057D668 /* MainController.swift in Sources */,
				A6EB08262AD595CB00F4CBD5 /* Colors.swift in Sources */,
				A6EB08282AD5CE8800F4CBD5 /* CustomListRowView.swift in Sources */,
				A6A9E0512AE6AD5900D2DE68 /* AllVideosContainerView.swift in Sources */,
				A6DEEE902AEC2B04005EB18A /* ShimmerCollectionViewCell.swift in Sources */,
				A6EB084E2AD9700100F4CBD5 /* TeamsContainerView.swift in Sources */,
				A6EB2F702AE04D74001B733C /* SponsorsModelData.swift in Sources */,
				A6EB083F2AD833A300F4CBD5 /* NewsView.swift in Sources */,
				A6EB082F2AD70E2700F4CBD5 /* AllMatchCell.swift in Sources */,
				A661E8EE2AEBC0F200AE28EC /* Post.swift in Sources */,
				A6EB084C2AD963F700F4CBD5 /* TeamsCell.swift in Sources */,
				A6EB08332AD71BB300F4CBD5 /* CustomButtons.swift in Sources */,
				A675C36A2AF54D4B00145CBC /* ApiURL.swift in Sources */,
				A6EB2F742AE056CD001B733C /* PresentSafariControler.swift in Sources */,
				A69A3EDF2AE9546E0085F7A4 /* ScreenSizeCategory.swift in Sources */,
				A625E53A2ADEF92A00BD004F /* TeamsCollectionViewCell.swift in Sources */,
				A675C3662AF54BCE00145CBC /* LastGameInfo.swift in Sources */,
				A6EB08202AD4983F00F4CBD5 /* MatchController.swift in Sources */,
				A675C3682AF54BE500145CBC /* LeagueInfo.swift in Sources */,
				A6EB08392AD7F8BC00F4CBD5 /* AllMatchView.swift in Sources */,
				A6EB08502AD972BC00F4CBD5 /* TeamsView.swift in Sources */,
				A6EB08242AD58D0D00F4CBD5 /* SettingsSwiftUIView.swift in Sources */,
				A6EB08372AD7F27600F4CBD5 /* ShopController.swift in Sources */,
				A6EB08112AD45EE500F4CBD5 /* TabBarController.swift in Sources */,
				A6EB08562AD980B000F4CBD5 /* SponsorsView.swift in Sources */,
				A6EB082C2AD6956600F4CBD5 /* NotificationController.swift in Sources */,
				A6EB2F6D2AE028AA001B733C /* SafariViewControllerContainer.swift in Sources */,
				A609C4FC2AF2AEA000D5AC65 /* AllMatchCollectionViewCell.swift in Sources */,
				A625E5382ADEA97000BD004F /* VideoPlayerViewController.swift in Sources */,
				A6EB08412AD8350900F4CBD5 /* NewsController.swift in Sources */,
				A6EB08432AD8748100F4CBD5 /* VideoCell.swift in Sources */,
				A677DC722AE14B9900A9006F /* TeamsModelData.swift in Sources */,
				A6EB081D2AD4768000F4CBD5 /* TableContainer.swift in Sources */,
				A6EB083B2AD8218A00F4CBD5 /* NewsContainerView.swift in Sources */,
				A6652A1B2AE2DF13006B6A92 /* ShopCollectionViewCell.swift in Sources */,
				A6401CFC2AF8F679007ADC82 /* LastMatchCell.swift in Sources */,
				A661E8F12AEBC10F00AE28EC /* ApiManager.swift in Sources */,
				A6EB08452AD87A8B00F4CBD5 /* VideoContainerView.swift in Sources */,
				A6EB2F6B2ADFEE88001B733C /* SponsorsCollectionViewCell.swift in Sources */,
				A6EB08582AD9862500F4CBD5 /* SponsorsController.swift in Sources */,
				A6286F812AF02C6C00FDDFE0 /* NewsFetcher.swift in Sources */,
				A6EB083D2AD8223800F4CBD5 /* NewsCell.swift in Sources */,
				A6EB08172AD475E000F4CBD5 /* HomeContainerView.swift in Sources */,
				A6EB08542AD97D7000F4CBD5 /* SponsorsContainerView.swift in Sources */,
				A6EB08312AD714C800F4CBD5 /* Labels.swift in Sources */,
				A6A9E0532AE6B6D300D2DE68 /* AllVideoTableViewCell.swift in Sources */,
				A6E45F282AD3EA100057D668 /* AppDelegate.swift in Sources */,
				A6EB08472AD87E7F00F4CBD5 /* VideoView.swift in Sources */,
				A6EB08352AD7222B00F4CBD5 /* AllMatchController.swift in Sources */,
				A6A153332ADD26E000DD83B3 /* VideoCollectionViewCell.swift in Sources */,
				A6E45F2A2AD3EA100057D668 /* SceneDelegate.swift in Sources */,
				A69A3EE12AE97C390085F7A4 /* NewsCollectionViewCell.swift in Sources */,
				A6652A192AE2DEE3006B6A92 /* ShopDataModel.swift in Sources */,
				A6EB08192AD4763E00F4CBD5 /* HomeController.swift in Sources */,
				A675C3642AF54B8400145CBC /* MatchInfo.swift in Sources */,
				A6EB2F722AE05117001B733C /* TeamsController.swift in Sources */,
				A661E8F32AEBC12B00AE28EC /* NetworkError.swift in Sources */,
				A677DC742AE1689800A9006F /* ShopContainerView.swift in Sources */,
				A6EB084A2AD87FED00F4CBD5 /* VideoController.swift in Sources */,
			);
			runOnlyForDeploymentPostprocessing = 0;
		};
/* End PBXSourcesBuildPhase section */

/* Begin PBXVariantGroup section */
		A6E45F2D2AD3EA100057D668 /* Main.storyboard */ = {
			isa = PBXVariantGroup;
			children = (
				A6E45F2E2AD3EA100057D668 /* Base */,
			);
			name = Main.storyboard;
			sourceTree = "<group>";
		};
		A6E45F322AD3EA120057D668 /* LaunchScreen.storyboard */ = {
			isa = PBXVariantGroup;
			children = (
				A6E45F332AD3EA120057D668 /* Base */,
			);
			name = LaunchScreen.storyboard;
			sourceTree = "<group>";
		};
/* End PBXVariantGroup section */

/* Begin XCBuildConfiguration section */
		A6E45F362AD3EA120057D668 /* Debug */ = {
			isa = XCBuildConfiguration;
			buildSettings = {
				ALWAYS_SEARCH_USER_PATHS = NO;
				ASSETCATALOG_COMPILER_GENERATE_SWIFT_ASSET_SYMBOL_EXTENSIONS = YES;
				CLANG_ANALYZER_NONNULL = YES;
				CLANG_ANALYZER_NUMBER_OBJECT_CONVERSION = YES_AGGRESSIVE;
				CLANG_CXX_LANGUAGE_STANDARD = "gnu++20";
				CLANG_ENABLE_MODULES = YES;
				CLANG_ENABLE_OBJC_ARC = YES;
				CLANG_ENABLE_OBJC_WEAK = YES;
				CLANG_WARN_BLOCK_CAPTURE_AUTORELEASING = YES;
				CLANG_WARN_BOOL_CONVERSION = YES;
				CLANG_WARN_COMMA = YES;
				CLANG_WARN_CONSTANT_CONVERSION = YES;
				CLANG_WARN_DEPRECATED_OBJC_IMPLEMENTATIONS = YES;
				CLANG_WARN_DIRECT_OBJC_ISA_USAGE = YES_ERROR;
				CLANG_WARN_DOCUMENTATION_COMMENTS = YES;
				CLANG_WARN_EMPTY_BODY = YES;
				CLANG_WARN_ENUM_CONVERSION = YES;
				CLANG_WARN_INFINITE_RECURSION = YES;
				CLANG_WARN_INT_CONVERSION = YES;
				CLANG_WARN_NON_LITERAL_NULL_CONVERSION = YES;
				CLANG_WARN_OBJC_IMPLICIT_RETAIN_SELF = YES;
				CLANG_WARN_OBJC_LITERAL_CONVERSION = YES;
				CLANG_WARN_OBJC_ROOT_CLASS = YES_ERROR;
				CLANG_WARN_QUOTED_INCLUDE_IN_FRAMEWORK_HEADER = YES;
				CLANG_WARN_RANGE_LOOP_ANALYSIS = YES;
				CLANG_WARN_STRICT_PROTOTYPES = YES;
				CLANG_WARN_SUSPICIOUS_MOVE = YES;
				CLANG_WARN_UNGUARDED_AVAILABILITY = YES_AGGRESSIVE;
				CLANG_WARN_UNREACHABLE_CODE = YES;
				CLANG_WARN__DUPLICATE_METHOD_MATCH = YES;
				COPY_PHASE_STRIP = NO;
				DEBUG_INFORMATION_FORMAT = dwarf;
				ENABLE_STRICT_OBJC_MSGSEND = YES;
				ENABLE_TESTABILITY = YES;
				ENABLE_USER_SCRIPT_SANDBOXING = YES;
				GCC_C_LANGUAGE_STANDARD = gnu17;
				GCC_DYNAMIC_NO_PIC = NO;
				GCC_NO_COMMON_BLOCKS = YES;
				GCC_OPTIMIZATION_LEVEL = 0;
				GCC_PREPROCESSOR_DEFINITIONS = (
					"DEBUG=1",
					"$(inherited)",
				);
				GCC_WARN_64_TO_32_BIT_CONVERSION = YES;
				GCC_WARN_ABOUT_RETURN_TYPE = YES_ERROR;
				GCC_WARN_UNDECLARED_SELECTOR = YES;
				GCC_WARN_UNINITIALIZED_AUTOS = YES_AGGRESSIVE;
				GCC_WARN_UNUSED_FUNCTION = YES;
				GCC_WARN_UNUSED_VARIABLE = YES;
				IPHONEOS_DEPLOYMENT_TARGET = 17.0;
				LOCALIZATION_PREFERS_STRING_CATALOGS = YES;
				MTL_ENABLE_DEBUG_INFO = INCLUDE_SOURCE;
				MTL_FAST_MATH = YES;
				ONLY_ACTIVE_ARCH = YES;
				SDKROOT = iphoneos;
				SWIFT_ACTIVE_COMPILATION_CONDITIONS = "DEBUG $(inherited)";
				SWIFT_OPTIMIZATION_LEVEL = "-Onone";
			};
			name = Debug;
		};
		A6E45F372AD3EA120057D668 /* Release */ = {
			isa = XCBuildConfiguration;
			buildSettings = {
				ALWAYS_SEARCH_USER_PATHS = NO;
				ASSETCATALOG_COMPILER_GENERATE_SWIFT_ASSET_SYMBOL_EXTENSIONS = YES;
				CLANG_ANALYZER_NONNULL = YES;
				CLANG_ANALYZER_NUMBER_OBJECT_CONVERSION = YES_AGGRESSIVE;
				CLANG_CXX_LANGUAGE_STANDARD = "gnu++20";
				CLANG_ENABLE_MODULES = YES;
				CLANG_ENABLE_OBJC_ARC = YES;
				CLANG_ENABLE_OBJC_WEAK = YES;
				CLANG_WARN_BLOCK_CAPTURE_AUTORELEASING = YES;
				CLANG_WARN_BOOL_CONVERSION = YES;
				CLANG_WARN_COMMA = YES;
				CLANG_WARN_CONSTANT_CONVERSION = YES;
				CLANG_WARN_DEPRECATED_OBJC_IMPLEMENTATIONS = YES;
				CLANG_WARN_DIRECT_OBJC_ISA_USAGE = YES_ERROR;
				CLANG_WARN_DOCUMENTATION_COMMENTS = YES;
				CLANG_WARN_EMPTY_BODY = YES;
				CLANG_WARN_ENUM_CONVERSION = YES;
				CLANG_WARN_INFINITE_RECURSION = YES;
				CLANG_WARN_INT_CONVERSION = YES;
				CLANG_WARN_NON_LITERAL_NULL_CONVERSION = YES;
				CLANG_WARN_OBJC_IMPLICIT_RETAIN_SELF = YES;
				CLANG_WARN_OBJC_LITERAL_CONVERSION = YES;
				CLANG_WARN_OBJC_ROOT_CLASS = YES_ERROR;
				CLANG_WARN_QUOTED_INCLUDE_IN_FRAMEWORK_HEADER = YES;
				CLANG_WARN_RANGE_LOOP_ANALYSIS = YES;
				CLANG_WARN_STRICT_PROTOTYPES = YES;
				CLANG_WARN_SUSPICIOUS_MOVE = YES;
				CLANG_WARN_UNGUARDED_AVAILABILITY = YES_AGGRESSIVE;
				CLANG_WARN_UNREACHABLE_CODE = YES;
				CLANG_WARN__DUPLICATE_METHOD_MATCH = YES;
				COPY_PHASE_STRIP = NO;
				DEBUG_INFORMATION_FORMAT = "dwarf-with-dsym";
				ENABLE_NS_ASSERTIONS = NO;
				ENABLE_STRICT_OBJC_MSGSEND = YES;
				ENABLE_USER_SCRIPT_SANDBOXING = YES;
				GCC_C_LANGUAGE_STANDARD = gnu17;
				GCC_NO_COMMON_BLOCKS = YES;
				GCC_WARN_64_TO_32_BIT_CONVERSION = YES;
				GCC_WARN_ABOUT_RETURN_TYPE = YES_ERROR;
				GCC_WARN_UNDECLARED_SELECTOR = YES;
				GCC_WARN_UNINITIALIZED_AUTOS = YES_AGGRESSIVE;
				GCC_WARN_UNUSED_FUNCTION = YES;
				GCC_WARN_UNUSED_VARIABLE = YES;
				IPHONEOS_DEPLOYMENT_TARGET = 17.0;
				LOCALIZATION_PREFERS_STRING_CATALOGS = YES;
				MTL_ENABLE_DEBUG_INFO = NO;
				MTL_FAST_MATH = YES;
				SDKROOT = iphoneos;
				SWIFT_COMPILATION_MODE = wholemodule;
				VALIDATE_PRODUCT = YES;
			};
			name = Release;
		};
		A6E45F392AD3EA120057D668 /* Debug */ = {
			isa = XCBuildConfiguration;
			buildSettings = {
				ASSETCATALOG_COMPILER_ALTERNATE_APPICON_NAMES = "AppIcon-Campfire AppIcon-Camera AppIcon-Map AppIcon-Backpack AppIcon-Mushroom AppIcon-MagnifyingGlass-Preview";
				ASSETCATALOG_COMPILER_APPICON_NAME = AppIcon;
				ASSETCATALOG_COMPILER_GLOBAL_ACCENT_COLOR_NAME = AccentColor;
				ASSETCATALOG_COMPILER_INCLUDE_ALL_APPICON_ASSETS = YES;
				CODE_SIGN_STYLE = Automatic;
				CURRENT_PROJECT_VERSION = 1;
				DEVELOPMENT_TEAM = 4FKVURKZ47;
				GENERATE_INFOPLIST_FILE = YES;
				INFOPLIST_FILE = "FC Kufstein/Info.plist";
				INFOPLIST_KEY_LSApplicationCategoryType = "";
				INFOPLIST_KEY_UIApplicationSupportsIndirectInputEvents = YES;
				INFOPLIST_KEY_UILaunchStoryboardName = LaunchScreen;
				INFOPLIST_KEY_UIMainStoryboardFile = Main;
				INFOPLIST_KEY_UISupportedInterfaceOrientations_iPad = "UIInterfaceOrientationPortrait UIInterfaceOrientationPortraitUpsideDown UIInterfaceOrientationLandscapeLeft UIInterfaceOrientationLandscapeRight";
				INFOPLIST_KEY_UISupportedInterfaceOrientations_iPhone = "UIInterfaceOrientationPortrait UIInterfaceOrientationLandscapeLeft UIInterfaceOrientationLandscapeRight";
				LD_RUNPATH_SEARCH_PATHS = (
					"$(inherited)",
					"@executable_path/Frameworks",
				);
				MARKETING_VERSION = 1.0;
				PRODUCT_BUNDLE_IDENTIFIER = "com.adnannmuratovic.FC-Kufstein";
				PRODUCT_NAME = "$(TARGET_NAME)";
				SWIFT_EMIT_LOC_STRINGS = YES;
				SWIFT_VERSION = 5.0;
				TARGETED_DEVICE_FAMILY = "1,2";
			};
			name = Debug;
		};
		A6E45F3A2AD3EA120057D668 /* Release */ = {
			isa = XCBuildConfiguration;
			buildSettings = {
				ASSETCATALOG_COMPILER_ALTERNATE_APPICON_NAMES = "AppIcon-Campfire AppIcon-Camera AppIcon-Map AppIcon-Backpack AppIcon-Mushroom AppIcon-MagnifyingGlass-Preview";
				ASSETCATALOG_COMPILER_APPICON_NAME = AppIcon;
				ASSETCATALOG_COMPILER_GLOBAL_ACCENT_COLOR_NAME = AccentColor;
				ASSETCATALOG_COMPILER_INCLUDE_ALL_APPICON_ASSETS = YES;
				CODE_SIGN_STYLE = Automatic;
				CURRENT_PROJECT_VERSION = 1;
				DEVELOPMENT_TEAM = 4FKVURKZ47;
				GENERATE_INFOPLIST_FILE = YES;
				INFOPLIST_FILE = "FC Kufstein/Info.plist";
				INFOPLIST_KEY_LSApplicationCategoryType = "";
				INFOPLIST_KEY_UIApplicationSupportsIndirectInputEvents = YES;
				INFOPLIST_KEY_UILaunchStoryboardName = LaunchScreen;
				INFOPLIST_KEY_UIMainStoryboardFile = Main;
				INFOPLIST_KEY_UISupportedInterfaceOrientations_iPad = "UIInterfaceOrientationPortrait UIInterfaceOrientationPortraitUpsideDown UIInterfaceOrientationLandscapeLeft UIInterfaceOrientationLandscapeRight";
				INFOPLIST_KEY_UISupportedInterfaceOrientations_iPhone = "UIInterfaceOrientationPortrait UIInterfaceOrientationLandscapeLeft UIInterfaceOrientationLandscapeRight";
				LD_RUNPATH_SEARCH_PATHS = (
					"$(inherited)",
					"@executable_path/Frameworks",
				);
				MARKETING_VERSION = 1.0;
				PRODUCT_BUNDLE_IDENTIFIER = "com.adnannmuratovic.FC-Kufstein";
				PRODUCT_NAME = "$(TARGET_NAME)";
				SWIFT_EMIT_LOC_STRINGS = YES;
				SWIFT_VERSION = 5.0;
				TARGETED_DEVICE_FAMILY = "1,2";
			};
			name = Release;
		};
/* End XCBuildConfiguration section */

/* Begin XCConfigurationList section */
		A6E45F1F2AD3EA100057D668 /* Build configuration list for PBXProject "FC Kufstein" */ = {
			isa = XCConfigurationList;
			buildConfigurations = (
				A6E45F362AD3EA120057D668 /* Debug */,
				A6E45F372AD3EA120057D668 /* Release */,
			);
			defaultConfigurationIsVisible = 0;
			defaultConfigurationName = Release;
		};
		A6E45F382AD3EA120057D668 /* Build configuration list for PBXNativeTarget "FC Kufstein" */ = {
			isa = XCConfigurationList;
			buildConfigurations = (
				A6E45F392AD3EA120057D668 /* Debug */,
				A6E45F3A2AD3EA120057D668 /* Release */,
			);
			defaultConfigurationIsVisible = 0;
			defaultConfigurationName = Release;
		};
/* End XCConfigurationList section */

/* Begin XCRemoteSwiftPackageReference section */
		A6DEEE872AEBCAAD005EB18A /* XCRemoteSwiftPackageReference "SDWebImage" */ = {
			isa = XCRemoteSwiftPackageReference;
			repositoryURL = "https://github.com/SDWebImage/SDWebImage";
			requirement = {
				kind = upToNextMajorVersion;
				minimumVersion = 5.18.4;
			};
		};
		A6DEEE8C2AEBF244005EB18A /* XCRemoteSwiftPackageReference "SkeletonView" */ = {
			isa = XCRemoteSwiftPackageReference;
			repositoryURL = "https://github.com/Juanpe/SkeletonView.git";
			requirement = {
				kind = upToNextMajorVersion;
				minimumVersion = 1.30.4;
			};
		};
/* End XCRemoteSwiftPackageReference section */

/* Begin XCSwiftPackageProductDependency section */
		A6DEEE882AEBCAAD005EB18A /* SDWebImage */ = {
			isa = XCSwiftPackageProductDependency;
			package = A6DEEE872AEBCAAD005EB18A /* XCRemoteSwiftPackageReference "SDWebImage" */;
			productName = SDWebImage;
		};
		A6DEEE8A2AEBCAAD005EB18A /* SDWebImageMapKit */ = {
			isa = XCSwiftPackageProductDependency;
			package = A6DEEE872AEBCAAD005EB18A /* XCRemoteSwiftPackageReference "SDWebImage" */;
			productName = SDWebImageMapKit;
		};
		A6DEEE8D2AEBF244005EB18A /* SkeletonView */ = {
			isa = XCSwiftPackageProductDependency;
			package = A6DEEE8C2AEBF244005EB18A /* XCRemoteSwiftPackageReference "SkeletonView" */;
			productName = SkeletonView;
		};
/* End XCSwiftPackageProductDependency section */
	};
	rootObject = A6E45F1C2AD3EA100057D668 /* Project object */;
}
